
Microsoft Visual Studio Solution File, Format Version 12.00
# Visual Studio Version 16
VisualStudioVersion = 16.0.30804.86
MinimumVisualStudioVersion = 10.0.40219.1
Project("{FAE04EC0-301F-11D3-BF4B-00C04F79EFBC}") = "Vbucks Generator", "Vbucks Generator\Vbucks Generator.csproj", "{EFC65C07-30CC-462C-A794-1B4B643B60DC}"
EndProject
Global
	GlobalSection(SolutionConfigurationPlatforms) = preSolution
		Debug|Any CPU = Debug|Any CPU
		Release|Any CPU = Release|Any CPU
	EndGlobalSection
	GlobalSection(ProjectConfigurationPlatforms) = postSolution
		{EFC65C07-30CC-462C-A794-1B4B643B60DC}.Debug|Any CPU.ActiveCfg = Debug|Any CPU
		{EFC65C07-30CC-462C-A794-1B4B643B60DC}.Debug|Any CPU.Build.0 = Debug|Any CPU
		{EFC65C07-30CC-462C-A794-1B4B643B60DC}.Release|Any CPU.ActiveCfg = Release|Any CPU
		{EFC65C07-30CC-462C-A794-1B4B643B60DC}.Release|Any CPU.Build.0 = Release|Any CPU
	EndGlobalSection
	GlobalSection(SolutionProperties) = preSolution
		HideSolutionNode = FALSE
	EndGlobalSection
	GlobalSection(ExtensibilityGlobals) = postSolution
		SolutionGuid = {CBC87CA1-78B3-4E5F-88D9-0EB6DCDE0010}
	EndGlobalSection
EndGlobal
